
Microsoft Visual Studio Solution File, Format Version 12.00
# Visual Studio 15
VisualStudioVersion = 15.0.28307.106
MinimumVisualStudioVersion = 10.0.40219.1
Project("{FAE04EC0-301F-11D3-BF4B-00C04F79EFBC}") = "ACSU_auto_login.Android", "ACSU_auto_login\ACSU_auto_login.Android\ACSU_auto_login.Android.csproj", "{A885A1F6-5A53-4B76-9129-EAA11B9A3359}"
EndProject
Project("{FAE04EC0-301F-11D3-BF4B-00C04F79EFBC}") = "ACSU_auto_login.iOS", "ACSU_auto_login\ACSU_auto_login.iOS\ACSU_auto_login.iOS.csproj", "{2DE853E4-ADC6-4C32-917B-8CD085EBC1CC}"
EndProject
Project("{FAE04EC0-301F-11D3-BF4B-00C04F79EFBC}") = "ACSU_auto_login.UWP", "ACSU_auto_login\ACSU_auto_login.UWP\ACSU_auto_login.UWP.csproj", "{66B62B66-5837-4168-8627-477383D890DA}"
EndProject
Project("{9A19103F-16F7-4668-BE54-9A1E7A4F7556}") = "ACSU_auto_login", "ACSU_auto_login\ACSU_auto_login\ACSU_auto_login.csproj", "{7FDF863B-1D06-40AC-BB65-D6A2F32CF2C1}"
EndProject
Project("{2150E333-8FDC-42A3-9474-1A3956D46DE8}") = "prez", "prez", "{E8524503-C29B-4D3D-86D3-14E7538557E4}"
	ProjectSection(SolutionItems) = preProject
		..\..\..\Desktop\pre.md = ..\..\..\Desktop\pre.md
	EndProjectSection
EndProject
Global
	GlobalSection(SolutionConfigurationPlatforms) = preSolution
		Ad-Hoc|Any CPU = Ad-Hoc|Any CPU
		Ad-Hoc|ARM = Ad-Hoc|ARM
		Ad-Hoc|iPhone = Ad-Hoc|iPhone
		Ad-Hoc|iPhoneSimulator = Ad-Hoc|iPhoneSimulator
		Ad-Hoc|x64 = Ad-Hoc|x64
		Ad-Hoc|x86 = Ad-Hoc|x86
		AppStore|Any CPU = AppStore|Any CPU
		AppStore|ARM = AppStore|ARM
		AppStore|iPhone = AppStore|iPhone
		AppStore|iPhoneSimulator = AppStore|iPhoneSimulator
		AppStore|x64 = AppStore|x64
		AppStore|x86 = AppStore|x86
		Debug|Any CPU = Debug|Any CPU
		Debug|ARM = Debug|ARM
		Debug|iPhone = Debug|iPhone
		Debug|iPhoneSimulator = Debug|iPhoneSimulator
		Debug|x64 = Debug|x64
		Debug|x86 = Debug|x86
		Release|Any CPU = Release|Any CPU
		Release|ARM = Release|ARM
		Release|iPhone = Release|iPhone
		Release|iPhoneSimulator = Release|iPhoneSimulator
		Release|x64 = Release|x64
		Release|x86 = Release|x86
	EndGlobalSection
	GlobalSection(ProjectConfigurationPlatforms) = postSolution
		{A885A1F6-5A53-4B76-9129-EAA11B9A3359}.Ad-Hoc|Any CPU.ActiveCfg = Release|Any CPU
		{A885A1F6-5A53-4B76-9129-EAA11B9A3359}.Ad-Hoc|Any CPU.Build.0 = Release|Any CPU
		{A885A1F6-5A53-4B76-9129-EAA11B9A3359}.Ad-Hoc|Any CPU.Deploy.0 = Release|Any CPU
		{A885A1F6-5A53-4B76-9129-EAA11B9A3359}.Ad-Hoc|ARM.ActiveCfg = Release|Any CPU
		{A885A1F6-5A53-4B76-9129-EAA11B9A3359}.Ad-Hoc|ARM.Build.0 = Release|Any CPU
		{A885A1F6-5A53-4B76-9129-EAA11B9A3359}.Ad-Hoc|ARM.Deploy.0 = Release|Any CPU
		{A885A1F6-5A53-4B76-9129-EAA11B9A3359}.Ad-Hoc|iPhone.ActiveCfg = Release|Any CPU
		{A885A1F6-5A53-4B76-9129-EAA11B9A3359}.Ad-Hoc|iPhone.Build.0 = Release|Any CPU
		{A885A1F6-5A53-4B76-9129-EAA11B9A3359}.Ad-Hoc|iPhone.Deploy.0 = Release|Any CPU
		{A885A1F6-5A53-4B76-9129-EAA11B9A3359}.Ad-Hoc|iPhoneSimulator.ActiveCfg = Release|Any CPU
		{A885A1F6-5A53-4B76-9129-EAA11B9A3359}.Ad-Hoc|iPhoneSimulator.Build.0 = Release|Any CPU
		{A885A1F6-5A53-4B76-9129-EAA11B9A3359}.Ad-Hoc|iPhoneSimulator.Deploy.0 = Release|Any CPU
		{A885A1F6-5A53-4B76-9129-EAA11B9A3359}.Ad-Hoc|x64.ActiveCfg = Release|Any CPU
		{A885A1F6-5A53-4B76-9129-EAA11B9A3359}.Ad-Hoc|x64.Build.0 = Release|Any CPU
		{A885A1F6-5A53-4B76-9129-EAA11B9A3359}.Ad-Hoc|x64.Deploy.0 = Release|Any CPU
		{A885A1F6-5A53-4B76-9129-EAA11B9A3359}.Ad-Hoc|x86.ActiveCfg = Release|Any CPU
		{A885A1F6-5A53-4B76-9129-EAA11B9A3359}.Ad-Hoc|x86.Build.0 = Release|Any CPU
		{A885A1F6-5A53-4B76-9129-EAA11B9A3359}.Ad-Hoc|x86.Deploy.0 = Release|Any CPU
		{A885A1F6-5A53-4B76-9129-EAA11B9A3359}.AppStore|Any CPU.ActiveCfg = Release|Any CPU
		{A885A1F6-5A53-4B76-9129-EAA11B9A3359}.AppStore|Any CPU.Build.0 = Release|Any CPU
		{A885A1F6-5A53-4B76-9129-EAA11B9A3359}.AppStore|Any CPU.Deploy.0 = Release|Any CPU
		{A885A1F6-5A53-4B76-9129-EAA11B9A3359}.AppStore|ARM.ActiveCfg = Release|Any CPU
		{A885A1F6-5A53-4B76-9129-EAA11B9A3359}.AppStore|ARM.Build.0 = Release|Any CPU
		{A885A1F6-5A53-4B76-9129-EAA11B9A3359}.AppStore|ARM.Deploy.0 = Release|Any CPU
		{A885A1F6-5A53-4B76-9129-EAA11B9A3359}.AppStore|iPhone.ActiveCfg = Release|Any CPU
		{A885A1F6-5A53-4B76-9129-EAA11B9A3359}.AppStore|iPhone.Build.0 = Release|Any CPU
		{A885A1F6-5A53-4B76-9129-EAA11B9A3359}.AppStore|iPhone.Deploy.0 = Release|Any CPU
		{A885A1F6-5A53-4B76-9129-EAA11B9A3359}.AppStore|iPhoneSimulator.ActiveCfg = Release|Any CPU
		{A885A1F6-5A53-4B76-9129-EAA11B9A3359}.AppStore|iPhoneSimulator.Build.0 = Release|Any CPU
		{A885A1F6-5A53-4B76-9129-EAA11B9A3359}.AppStore|iPhoneSimulator.Deploy.0 = Release|Any CPU
		{A885A1F6-5A53-4B76-9129-EAA11B9A3359}.AppStore|x64.ActiveCfg = Release|Any CPU
		{A885A1F6-5A53-4B76-9129-EAA11B9A3359}.AppStore|x64.Build.0 = Release|Any CPU
		{A885A1F6-5A53-4B76-9129-EAA11B9A3359}.AppStore|x64.Deploy.0 = Release|Any CPU
		{A885A1F6-5A53-4B76-9129-EAA11B9A3359}.AppStore|x86.ActiveCfg = Release|Any CPU
		{A885A1F6-5A53-4B76-9129-EAA11B9A3359}.AppStore|x86.Build.0 = Release|Any CPU
		{A885A1F6-5A53-4B76-9129-EAA11B9A3359}.AppStore|x86.Deploy.0 = Release|Any CPU
		{A885A1F6-5A53-4B76-9129-EAA11B9A3359}.Debug|Any CPU.ActiveCfg = Debug|Any CPU
		{A885A1F6-5A53-4B76-9129-EAA11B9A3359}.Debug|Any CPU.Build.0 = Debug|Any CPU
		{A885A1F6-5A53-4B76-9129-EAA11B9A3359}.Debug|Any CPU.Deploy.0 = Debug|Any CPU
		{A885A1F6-5A53-4B76-9129-EAA11B9A3359}.Debug|ARM.ActiveCfg = Debug|Any CPU
		{A885A1F6-5A53-4B76-9129-EAA11B9A3359}.Debug|ARM.Build.0 = Debug|Any CPU
		{A885A1F6-5A53-4B76-9129-EAA11B9A3359}.Debug|ARM.Deploy.0 = Debug|Any CPU
		{A885A1F6-5A53-4B76-9129-EAA11B9A3359}.Debug|iPhone.ActiveCfg = Debug|Any CPU
		{A885A1F6-5A53-4B76-9129-EAA11B9A3359}.Debug|iPhone.Build.0 = Debug|Any CPU
		{A885A1F6-5A53-4B76-9129-EAA11B9A3359}.Debug|iPhone.Deploy.0 = Debug|Any CPU
		{A885A1F6-5A53-4B76-9129-EAA11B9A3359}.Debug|iPhoneSimulator.ActiveCfg = Debug|Any CPU
		{A885A1F6-5A53-4B76-9129-EAA11B9A3359}.Debug|iPhoneSimulator.Build.0 = Debug|Any CPU
		{A885A1F6-5A53-4B76-9129-EAA11B9A3359}.Debug|iPhoneSimulator.Deploy.0 = Debug|Any CPU
		{A885A1F6-5A53-4B76-9129-EAA11B9A3359}.Debug|x64.ActiveCfg = Debug|Any CPU
		{A885A1F6-5A53-4B76-9129-EAA11B9A3359}.Debug|x64.Build.0 = Debug|Any CPU
		{A885A1F6-5A53-4B76-9129-EAA11B9A3359}.Debug|x64.Deploy.0 = Debug|Any CPU
		{A885A1F6-5A53-4B76-9129-EAA11B9A3359}.Debug|x86.ActiveCfg = Debug|Any CPU
		{A885A1F6-5A53-4B76-9129-EAA11B9A3359}.Debug|x86.Build.0 = Debug|Any CPU
		{A885A1F6-5A53-4B76-9129-EAA11B9A3359}.Debug|x86.Deploy.0 = Debug|Any CPU
		{A885A1F6-5A53-4B76-9129-EAA11B9A3359}.Release|Any CPU.ActiveCfg = Release|Any CPU
		{A885A1F6-5A53-4B76-9129-EAA11B9A3359}.Release|Any CPU.Build.0 = Release|Any CPU
		{A885A1F6-5A53-4B76-9129-EAA11B9A3359}.Release|Any CPU.Deploy.0 = Release|Any CPU
		{A885A1F6-5A53-4B76-9129-EAA11B9A3359}.Release|ARM.ActiveCfg = Release|Any CPU
		{A885A1F6-5A53-4B76-9129-EAA11B9A3359}.Release|ARM.Build.0 = Release|Any CPU
		{A885A1F6-5A53-4B76-9129-EAA11B9A3359}.Release|ARM.Deploy.0 = Release|Any CPU
		{A885A1F6-5A53-4B76-9129-EAA11B9A3359}.Release|iPhone.ActiveCfg = Release|Any CPU
		{A885A1F6-5A53-4B76-9129-EAA11B9A3359}.Release|iPhone.Build.0 = Release|Any CPU
		{A885A1F6-5A53-4B76-9129-EAA11B9A3359}.Release|iPhone.Deploy.0 = Release|Any CPU
		{A885A1F6-5A53-4B76-9129-EAA11B9A3359}.Release|iPhoneSimulator.ActiveCfg = Release|Any CPU
		{A885A1F6-5A53-4B76-9129-EAA11B9A3359}.Release|iPhoneSimulator.Build.0 = Release|Any CPU
		{A885A1F6-5A53-4B76-9129-EAA11B9A3359}.Release|iPhoneSimulator.Deploy.0 = Release|Any CPU
		{A885A1F6-5A53-4B76-9129-EAA11B9A3359}.Release|x64.ActiveCfg = Release|Any CPU
		{A885A1F6-5A53-4B76-9129-EAA11B9A3359}.Release|x64.Build.0 = Release|Any CPU
		{A885A1F6-5A53-4B76-9129-EAA11B9A3359}.Release|x64.Deploy.0 = Release|Any CPU
		{A885A1F6-5A53-4B76-9129-EAA11B9A3359}.Release|x86.ActiveCfg = Release|Any CPU
		{A885A1F6-5A53-4B76-9129-EAA11B9A3359}.Release|x86.Build.0 = Release|Any CPU
		{A885A1F6-5A53-4B76-9129-EAA11B9A3359}.Release|x86.Deploy.0 = Release|Any CPU
		{2DE853E4-ADC6-4C32-917B-8CD085EBC1CC}.Ad-Hoc|Any CPU.ActiveCfg = Ad-Hoc|iPhone
		{2DE853E4-ADC6-4C32-917B-8CD085EBC1CC}.Ad-Hoc|Any CPU.Build.0 = Ad-Hoc|iPhone
		{2DE853E4-ADC6-4C32-917B-8CD085EBC1CC}.Ad-Hoc|Any CPU.Deploy.0 = Ad-Hoc|iPhone
		{2DE853E4-ADC6-4C32-917B-8CD085EBC1CC}.Ad-Hoc|ARM.ActiveCfg = Ad-Hoc|iPhone
		{2DE853E4-ADC6-4C32-917B-8CD085EBC1CC}.Ad-Hoc|ARM.Build.0 = Ad-Hoc|iPhone
		{2DE853E4-ADC6-4C32-917B-8CD085EBC1CC}.Ad-Hoc|ARM.Deploy.0 = Ad-Hoc|iPhone
		{2DE853E4-ADC6-4C32-917B-8CD085EBC1CC}.Ad-Hoc|iPhone.ActiveCfg = Ad-Hoc|iPhone
		{2DE853E4-ADC6-4C32-917B-8CD085EBC1CC}.Ad-Hoc|iPhone.Build.0 = Ad-Hoc|iPhone
		{2DE853E4-ADC6-4C32-917B-8CD085EBC1CC}.Ad-Hoc|iPhone.Deploy.0 = Ad-Hoc|iPhone
		{2DE853E4-ADC6-4C32-917B-8CD085EBC1CC}.Ad-Hoc|iPhoneSimulator.ActiveCfg = Ad-Hoc|iPhoneSimulator
		{2DE853E4-ADC6-4C32-917B-8CD085EBC1CC}.Ad-Hoc|iPhoneSimulator.Build.0 = Ad-Hoc|iPhoneSimulator
		{2DE853E4-ADC6-4C32-917B-8CD085EBC1CC}.Ad-Hoc|iPhoneSimulator.Deploy.0 = Ad-Hoc|iPhoneSimulator
		{2DE853E4-ADC6-4C32-917B-8CD085EBC1CC}.Ad-Hoc|x64.ActiveCfg = Ad-Hoc|iPhone
		{2DE853E4-ADC6-4C32-917B-8CD085EBC1CC}.Ad-Hoc|x64.Build.0 = Ad-Hoc|iPhone
		{2DE853E4-ADC6-4C32-917B-8CD085EBC1CC}.Ad-Hoc|x64.Deploy.0 = Ad-Hoc|iPhone
		{2DE853E4-ADC6-4C32-917B-8CD085EBC1CC}.Ad-Hoc|x86.ActiveCfg = Ad-Hoc|iPhone
		{2DE853E4-ADC6-4C32-917B-8CD085EBC1CC}.Ad-Hoc|x86.Build.0 = Ad-Hoc|iPhone
		{2DE853E4-ADC6-4C32-917B-8CD085EBC1CC}.Ad-Hoc|x86.Deploy.0 = Ad-Hoc|iPhone
		{2DE853E4-ADC6-4C32-917B-8CD085EBC1CC}.AppStore|Any CPU.ActiveCfg = AppStore|iPhone
		{2DE853E4-ADC6-4C32-917B-8CD085EBC1CC}.AppStore|Any CPU.Build.0 = AppStore|iPhone
		{2DE853E4-ADC6-4C32-917B-8CD085EBC1CC}.AppStore|Any CPU.Deploy.0 = AppStore|iPhone
		{2DE853E4-ADC6-4C32-917B-8CD085EBC1CC}.AppStore|ARM.ActiveCfg = AppStore|iPhone
		{2DE853E4-ADC6-4C32-917B-8CD085EBC1CC}.AppStore|ARM.Build.0 = AppStore|iPhone
		{2DE853E4-ADC6-4C32-917B-8CD085EBC1CC}.AppStore|ARM.Deploy.0 = AppStore|iPhone
		{2DE853E4-ADC6-4C32-917B-8CD085EBC1CC}.AppStore|iPhone.ActiveCfg = AppStore|iPhone
		{2DE853E4-ADC6-4C32-917B-8CD085EBC1CC}.AppStore|iPhone.Build.0 = AppStore|iPhone
		{2DE853E4-ADC6-4C32-917B-8CD085EBC1CC}.AppStore|iPhone.Deploy.0 = AppStore|iPhone
		{2DE853E4-ADC6-4C32-917B-8CD085EBC1CC}.AppStore|iPhoneSimulator.ActiveCfg = AppStore|iPhoneSimulator
		{2DE853E4-ADC6-4C32-917B-8CD085EBC1CC}.AppStore|iPhoneSimulator.Build.0 = AppStore|iPhoneSimulator
		{2DE853E4-ADC6-4C32-917B-8CD085EBC1CC}.AppStore|iPhoneSimulator.Deploy.0 = AppStore|iPhoneSimulator
		{2DE853E4-ADC6-4C32-917B-8CD085EBC1CC}.AppStore|x64.ActiveCfg = AppStore|iPhone
		{2DE853E4-ADC6-4C32-917B-8CD085EBC1CC}.AppStore|x64.Build.0 = AppStore|iPhone
		{2DE853E4-ADC6-4C32-917B-8CD085EBC1CC}.AppStore|x64.Deploy.0 = AppStore|iPhone
		{2DE853E4-ADC6-4C32-917B-8CD085EBC1CC}.AppStore|x86.ActiveCfg = AppStore|iPhone
		{2DE853E4-ADC6-4C32-917B-8CD085EBC1CC}.AppStore|x86.Build.0 = AppStore|iPhone
		{2DE853E4-ADC6-4C32-917B-8CD085EBC1CC}.AppStore|x86.Deploy.0 = AppStore|iPhone
		{2DE853E4-ADC6-4C32-917B-8CD085EBC1CC}.Debug|Any CPU.ActiveCfg = Debug|iPhoneSimulator
		{2DE853E4-ADC6-4C32-917B-8CD085EBC1CC}.Debug|Any CPU.Build.0 = Debug|iPhoneSimulator
		{2DE853E4-ADC6-4C32-917B-8CD085EBC1CC}.Debug|Any CPU.Deploy.0 = Debug|iPhoneSimulator
		{2DE853E4-ADC6-4C32-917B-8CD085EBC1CC}.Debug|ARM.ActiveCfg = Debug|iPhone
		{2DE853E4-ADC6-4C32-917B-8CD085EBC1CC}.Debug|ARM.Build.0 = Debug|iPhone
		{2DE853E4-ADC6-4C32-917B-8CD085EBC1CC}.Debug|ARM.Deploy.0 = Debug|iPhone
		{2DE853E4-ADC6-4C32-917B-8CD085EBC1CC}.Debug|iPhone.ActiveCfg = Debug|iPhone
		{2DE853E4-ADC6-4C32-917B-8CD085EBC1CC}.Debug|iPhone.Build.0 = Debug|iPhone
		{2DE853E4-ADC6-4C32-917B-8CD085EBC1CC}.Debug|iPhone.Deploy.0 = Debug|iPhone
		{2DE853E4-ADC6-4C32-917B-8CD085EBC1CC}.Debug|iPhoneSimulator.ActiveCfg = Debug|iPhoneSimulator
		{2DE853E4-ADC6-4C32-917B-8CD085EBC1CC}.Debug|iPhoneSimulator.Build.0 = Debug|iPhoneSimulator
		{2DE853E4-ADC6-4C32-917B-8CD085EBC1CC}.Debug|iPhoneSimulator.Deploy.0 = Debug|iPhoneSimulator
		{2DE853E4-ADC6-4C32-917B-8CD085EBC1CC}.Debug|x64.ActiveCfg = Debug|iPhone
		{2DE853E4-ADC6-4C32-917B-8CD085EBC1CC}.Debug|x64.Build.0 = Debug|iPhone
		{2DE853E4-ADC6-4C32-917B-8CD085EBC1CC}.Debug|x64.Deploy.0 = Debug|iPhone
		{2DE853E4-ADC6-4C32-917B-8CD085EBC1CC}.Debug|x86.ActiveCfg = Debug|iPhone
		{2DE853E4-ADC6-4C32-917B-8CD085EBC1CC}.Debug|x86.Build.0 = Debug|iPhone
		{2DE853E4-ADC6-4C32-917B-8CD085EBC1CC}.Debug|x86.Deploy.0 = Debug|iPhone
		{2DE853E4-ADC6-4C32-917B-8CD085EBC1CC}.Release|Any CPU.ActiveCfg = Release|iPhone
		{2DE853E4-ADC6-4C32-917B-8CD085EBC1CC}.Release|Any CPU.Build.0 = Release|iPhone
		{2DE853E4-ADC6-4C32-917B-8CD085EBC1CC}.Release|Any CPU.Deploy.0 = Release|iPhone
		{2DE853E4-ADC6-4C32-917B-8CD085EBC1CC}.Release|ARM.ActiveCfg = Release|iPhone
		{2DE853E4-ADC6-4C32-917B-8CD085EBC1CC}.Release|ARM.Build.0 = Release|iPhone
		{2DE853E4-ADC6-4C32-917B-8CD085EBC1CC}.Release|ARM.Deploy.0 = Release|iPhone
		{2DE853E4-ADC6-4C32-917B-8CD085EBC1CC}.Release|iPhone.ActiveCfg = Release|iPhone
		{2DE853E4-ADC6-4C32-917B-8CD085EBC1CC}.Release|iPhone.Build.0 = Release|iPhone
		{2DE853E4-ADC6-4C32-917B-8CD085EBC1CC}.Release|iPhone.Deploy.0 = Release|iPhone
		{2DE853E4-ADC6-4C32-917B-8CD085EBC1CC}.Release|iPhoneSimulator.ActiveCfg = Release|iPhoneSimulator
		{2DE853E4-ADC6-4C32-917B-8CD085EBC1CC}.Release|iPhoneSimulator.Build.0 = Release|iPhoneSimulator
		{2DE853E4-ADC6-4C32-917B-8CD085EBC1CC}.Release|iPhoneSimulator.Deploy.0 = Release|iPhoneSimulator
		{2DE853E4-ADC6-4C32-917B-8CD085EBC1CC}.Release|x64.ActiveCfg = Release|iPhone
		{2DE853E4-ADC6-4C32-917B-8CD085EBC1CC}.Release|x64.Build.0 = Release|iPhone
		{2DE853E4-ADC6-4C32-917B-8CD085EBC1CC}.Release|x64.Deploy.0 = Release|iPhone
		{2DE853E4-ADC6-4C32-917B-8CD085EBC1CC}.Release|x86.ActiveCfg = Release|iPhone
		{2DE853E4-ADC6-4C32-917B-8CD085EBC1CC}.Release|x86.Build.0 = Release|iPhone
		{2DE853E4-ADC6-4C32-917B-8CD085EBC1CC}.Release|x86.Deploy.0 = Release|iPhone
		{66B62B66-5837-4168-8627-477383D890DA}.Ad-Hoc|Any CPU.ActiveCfg = Release|x86
		{66B62B66-5837-4168-8627-477383D890DA}.Ad-Hoc|Any CPU.Build.0 = Release|x86
		{66B62B66-5837-4168-8627-477383D890DA}.Ad-Hoc|Any CPU.Deploy.0 = Release|x86
		{66B62B66-5837-4168-8627-477383D890DA}.Ad-Hoc|ARM.ActiveCfg = Release|ARM
		{66B62B66-5837-4168-8627-477383D890DA}.Ad-Hoc|ARM.Build.0 = Release|ARM
		{66B62B66-5837-4168-8627-477383D890DA}.Ad-Hoc|ARM.Deploy.0 = Release|ARM
		{66B62B66-5837-4168-8627-477383D890DA}.Ad-Hoc|iPhone.ActiveCfg = Release|x86
		{66B62B66-5837-4168-8627-477383D890DA}.Ad-Hoc|iPhone.Build.0 = Release|x86
		{66B62B66-5837-4168-8627-477383D890DA}.Ad-Hoc|iPhone.Deploy.0 = Release|x86
		{66B62B66-5837-4168-8627-477383D890DA}.Ad-Hoc|iPhoneSimulator.ActiveCfg = Release|x86
		{66B62B66-5837-4168-8627-477383D890DA}.Ad-Hoc|iPhoneSimulator.Build.0 = Release|x86
		{66B62B66-5837-4168-8627-477383D890DA}.Ad-Hoc|iPhoneSimulator.Deploy.0 = Release|x86
		{66B62B66-5837-4168-8627-477383D890DA}.Ad-Hoc|x64.ActiveCfg = Release|x64
		{66B62B66-5837-4168-8627-477383D890DA}.Ad-Hoc|x64.Build.0 = Release|x64
		{66B62B66-5837-4168-8627-477383D890DA}.Ad-Hoc|x64.Deploy.0 = Release|x64
		{66B62B66-5837-4168-8627-477383D890DA}.Ad-Hoc|x86.ActiveCfg = Release|x86
		{66B62B66-5837-4168-8627-477383D890DA}.Ad-Hoc|x86.Build.0 = Release|x86
		{66B62B66-5837-4168-8627-477383D890DA}.Ad-Hoc|x86.Deploy.0 = Release|x86
		{66B62B66-5837-4168-8627-477383D890DA}.AppStore|Any CPU.ActiveCfg = Release|x86
		{66B62B66-5837-4168-8627-477383D890DA}.AppStore|Any CPU.Build.0 = Release|x86
		{66B62B66-5837-4168-8627-477383D890DA}.AppStore|Any CPU.Deploy.0 = Release|x86
		{66B62B66-5837-4168-8627-477383D890DA}.AppStore|ARM.ActiveCfg = Release|ARM
		{66B62B66-5837-4168-8627-477383D890DA}.AppStore|ARM.Build.0 = Release|ARM
		{66B62B66-5837-4168-8627-477383D890DA}.AppStore|ARM.Deploy.0 = Release|ARM
		{66B62B66-5837-4168-8627-477383D890DA}.AppStore|iPhone.ActiveCfg = Release|x86
		{66B62B66-5837-4168-8627-477383D890DA}.AppStore|iPhone.Build.0 = Release|x86
		{66B62B66-5837-4168-8627-477383D890DA}.AppStore|iPhone.Deploy.0 = Release|x86
		{66B62B66-5837-4168-8627-477383D890DA}.AppStore|iPhoneSimulator.ActiveCfg = Release|x86
		{66B62B66-5837-4168-8627-477383D890DA}.AppStore|iPhoneSimulator.Build.0 = Release|x86
		{66B62B66-5837-4168-8627-477383D890DA}.AppStore|iPhoneSimulator.Deploy.0 = Release|x86
		{66B62B66-5837-4168-8627-477383D890DA}.AppStore|x64.ActiveCfg = Release|x64
		{66B62B66-5837-4168-8627-477383D890DA}.AppStore|x64.Build.0 = Release|x64
		{66B62B66-5837-4168-8627-477383D890DA}.AppStore|x64.Deploy.0 = Release|x64
		{66B62B66-5837-4168-8627-477383D890DA}.AppStore|x86.ActiveCfg = Release|x86
		{66B62B66-5837-4168-8627-477383D890DA}.AppStore|x86.Build.0 = Release|x86
		{66B62B66-5837-4168-8627-477383D890DA}.AppStore|x86.Deploy.0 = Release|x86
		{66B62B66-5837-4168-8627-477383D890DA}.Debug|Any CPU.ActiveCfg = Debug|x86
		{66B62B66-5837-4168-8627-477383D890DA}.Debug|Any CPU.Build.0 = Debug|x86
		{66B62B66-5837-4168-8627-477383D890DA}.Debug|Any CPU.Deploy.0 = Debug|x86
		{66B62B66-5837-4168-8627-477383D890DA}.Debug|ARM.ActiveCfg = Debug|ARM
		{66B62B66-5837-4168-8627-477383D890DA}.Debug|ARM.Build.0 = Debug|ARM
		{66B62B66-5837-4168-8627-477383D890DA}.Debug|ARM.Deploy.0 = Debug|ARM
		{66B62B66-5837-4168-8627-477383D890DA}.Debug|iPhone.ActiveCfg = Debug|x86
		{66B62B66-5837-4168-8627-477383D890DA}.Debug|iPhone.Build.0 = Debug|x86
		{66B62B66-5837-4168-8627-477383D890DA}.Debug|iPhone.Deploy.0 = Debug|x86
		{66B62B66-5837-4168-8627-477383D890DA}.Debug|iPhoneSimulator.ActiveCfg = Debug|x86
		{66B62B66-5837-4168-8627-477383D890DA}.Debug|iPhoneSimulator.Build.0 = Debug|x86
		{66B62B66-5837-4168-8627-477383D890DA}.Debug|iPhoneSimulator.Deploy.0 = Debug|x86
		{66B62B66-5837-4168-8627-477383D890DA}.Debug|x64.ActiveCfg = Debug|x64
		{66B62B66-5837-4168-8627-477383D890DA}.Debug|x64.Build.0 = Debug|x64
		{66B62B66-5837-4168-8627-477383D890DA}.Debug|x64.Deploy.0 = Debug|x64
		{66B62B66-5837-4168-8627-477383D890DA}.Debug|x86.ActiveCfg = Debug|x86
		{66B62B66-5837-4168-8627-477383D890DA}.Debug|x86.Build.0 = Debug|x86
		{66B62B66-5837-4168-8627-477383D890DA}.Debug|x86.Deploy.0 = Debug|x86
		{66B62B66-5837-4168-8627-477383D890DA}.Release|Any CPU.ActiveCfg = Release|x86
		{66B62B66-5837-4168-8627-477383D890DA}.Release|Any CPU.Build.0 = Release|x86
		{66B62B66-5837-4168-8627-477383D890DA}.Release|Any CPU.Deploy.0 = Release|x86
		{66B62B66-5837-4168-8627-477383D890DA}.Release|ARM.ActiveCfg = Release|ARM
		{66B62B66-5837-4168-8627-477383D890DA}.Release|ARM.Build.0 = Release|ARM
		{66B62B66-5837-4168-8627-477383D890DA}.Release|ARM.Deploy.0 = Release|ARM
		{66B62B66-5837-4168-8627-477383D890DA}.Release|iPhone.ActiveCfg = Release|x86
		{66B62B66-5837-4168-8627-477383D890DA}.Release|iPhone.Build.0 = Release|x86
		{66B62B66-5837-4168-8627-477383D890DA}.Release|iPhone.Deploy.0 = Release|x86
		{66B62B66-5837-4168-8627-477383D890DA}.Release|iPhoneSimulator.ActiveCfg = Release|x86
		{66B62B66-5837-4168-8627-477383D890DA}.Release|iPhoneSimulator.Build.0 = Release|x86
		{66B62B66-5837-4168-8627-477383D890DA}.Release|iPhoneSimulator.Deploy.0 = Release|x86
		{66B62B66-5837-4168-8627-477383D890DA}.Release|x64.ActiveCfg = Release|x64
		{66B62B66-5837-4168-8627-477383D890DA}.Release|x64.Build.0 = Release|x64
		{66B62B66-5837-4168-8627-477383D890DA}.Release|x64.Deploy.0 = Release|x64
		{66B62B66-5837-4168-8627-477383D890DA}.Release|x86.ActiveCfg = Release|x86
		{66B62B66-5837-4168-8627-477383D890DA}.Release|x86.Build.0 = Release|x86
		{66B62B66-5837-4168-8627-477383D890DA}.Release|x86.Deploy.0 = Release|x86
		{7FDF863B-1D06-40AC-BB65-D6A2F32CF2C1}.Ad-Hoc|Any CPU.ActiveCfg = Debug|Any CPU
		{7FDF863B-1D06-40AC-BB65-D6A2F32CF2C1}.Ad-Hoc|Any CPU.Build.0 = Debug|Any CPU
		{7FDF863B-1D06-40AC-BB65-D6A2F32CF2C1}.Ad-Hoc|Any CPU.Deploy.0 = Debug|Any CPU
		{7FDF863B-1D06-40AC-BB65-D6A2F32CF2C1}.Ad-Hoc|ARM.ActiveCfg = Debug|Any CPU
		{7FDF863B-1D06-40AC-BB65-D6A2F32CF2C1}.Ad-Hoc|ARM.Build.0 = Debug|Any CPU
		{7FDF863B-1D06-40AC-BB65-D6A2F32CF2C1}.Ad-Hoc|ARM.Deploy.0 = Debug|Any CPU
		{7FDF863B-1D06-40AC-BB65-D6A2F32CF2C1}.Ad-Hoc|iPhone.ActiveCfg = Debug|Any CPU
		{7FDF863B-1D06-40AC-BB65-D6A2F32CF2C1}.Ad-Hoc|iPhone.Build.0 = Debug|Any CPU
		{7FDF863B-1D06-40AC-BB65-D6A2F32CF2C1}.Ad-Hoc|iPhone.Deploy.0 = Debug|Any CPU
		{7FDF863B-1D06-40AC-BB65-D6A2F32CF2C1}.Ad-Hoc|iPhoneSimulator.ActiveCfg = Debug|Any CPU
		{7FDF863B-1D06-40AC-BB65-D6A2F32CF2C1}.Ad-Hoc|iPhoneSimulator.Build.0 = Debug|Any CPU
		{7FDF863B-1D06-40AC-BB65-D6A2F32CF2C1}.Ad-Hoc|iPhoneSimulator.Deploy.0 = Debug|Any CPU
		{7FDF863B-1D06-40AC-BB65-D6A2F32CF2C1}.Ad-Hoc|x64.ActiveCfg = Debug|Any CPU
		{7FDF863B-1D06-40AC-BB65-D6A2F32CF2C1}.Ad-Hoc|x64.Build.0 = Debug|Any CPU
		{7FDF863B-1D06-40AC-BB65-D6A2F32CF2C1}.Ad-Hoc|x64.Deploy.0 = Debug|Any CPU
		{7FDF863B-1D06-40AC-BB65-D6A2F32CF2C1}.Ad-Hoc|x86.ActiveCfg = Debug|Any CPU
		{7FDF863B-1D06-40AC-BB65-D6A2F32CF2C1}.Ad-Hoc|x86.Build.0 = Debug|Any CPU
		{7FDF863B-1D06-40AC-BB65-D6A2F32CF2C1}.Ad-Hoc|x86.Deploy.0 = Debug|Any CPU
		{7FDF863B-1D06-40AC-BB65-D6A2F32CF2C1}.AppStore|Any CPU.ActiveCfg = Debug|Any CPU
		{7FDF863B-1D06-40AC-BB65-D6A2F32CF2C1}.AppStore|Any CPU.Build.0 = Debug|Any CPU
		{7FDF863B-1D06-40AC-BB65-D6A2F32CF2C1}.AppStore|Any CPU.Deploy.0 = Debug|Any CPU
		{7FDF863B-1D06-40AC-BB65-D6A2F32CF2C1}.AppStore|ARM.ActiveCfg = Debug|Any CPU
		{7FDF863B-1D06-40AC-BB65-D6A2F32CF2C1}.AppStore|ARM.Build.0 = Debug|Any CPU
		{7FDF863B-1D06-40AC-BB65-D6A2F32CF2C1}.AppStore|ARM.Deploy.0 = Debug|Any CPU
		{7FDF863B-1D06-40AC-BB65-D6A2F32CF2C1}.AppStore|iPhone.ActiveCfg = Debug|Any CPU
		{7FDF863B-1D06-40AC-BB65-D6A2F32CF2C1}.AppStore|iPhone.Build.0 = Debug|Any CPU
		{7FDF863B-1D06-40AC-BB65-D6A2F32CF2C1}.AppStore|iPhone.Deploy.0 = Debug|Any CPU
		{7FDF863B-1D06-40AC-BB65-D6A2F32CF2C1}.AppStore|iPhoneSimulator.ActiveCfg = Debug|Any CPU
		{7FDF863B-1D06-40AC-BB65-D6A2F32CF2C1}.AppStore|iPhoneSimulator.Build.0 = Debug|Any CPU
		{7FDF863B-1D06-40AC-BB65-D6A2F32CF2C1}.AppStore|iPhoneSimulator.Deploy.0 = Debug|Any CPU
		{7FDF863B-1D06-40AC-BB65-D6A2F32CF2C1}.AppStore|x64.ActiveCfg = Debug|Any CPU
		{7FDF863B-1D06-40AC-BB65-D6A2F32CF2C1}.AppStore|x64.Build.0 = Debug|Any CPU
		{7FDF863B-1D06-40AC-BB65-D6A2F32CF2C1}.AppStore|x64.Deploy.0 = Debug|Any CPU
		{7FDF863B-1D06-40AC-BB65-D6A2F32CF2C1}.AppStore|x86.ActiveCfg = Debug|Any CPU
		{7FDF863B-1D06-40AC-BB65-D6A2F32CF2C1}.AppStore|x86.Build.0 = Debug|Any CPU
		{7FDF863B-1D06-40AC-BB65-D6A2F32CF2C1}.AppStore|x86.Deploy.0 = Debug|Any CPU
		{7FDF863B-1D06-40AC-BB65-D6A2F32CF2C1}.Debug|Any CPU.ActiveCfg = Debug|Any CPU
		{7FDF863B-1D06-40AC-BB65-D6A2F32CF2C1}.Debug|Any CPU.Build.0 = Debug|Any CPU
		{7FDF863B-1D06-40AC-BB65-D6A2F32CF2C1}.Debug|Any CPU.Deploy.0 = Debug|Any CPU
		{7FDF863B-1D06-40AC-BB65-D6A2F32CF2C1}.Debug|ARM.ActiveCfg = Debug|Any CPU
		{7FDF863B-1D06-40AC-BB65-D6A2F32CF2C1}.Debug|ARM.Build.0 = Debug|Any CPU
		{7FDF863B-1D06-40AC-BB65-D6A2F32CF2C1}.Debug|ARM.Deploy.0 = Debug|Any CPU
		{7FDF863B-1D06-40AC-BB65-D6A2F32CF2C1}.Debug|iPhone.ActiveCfg = Debug|Any CPU
		{7FDF863B-1D06-40AC-BB65-D6A2F32CF2C1}.Debug|iPhone.Build.0 = Debug|Any CPU
		{7FDF863B-1D06-40AC-BB65-D6A2F32CF2C1}.Debug|iPhone.Deploy.0 = Debug|Any CPU
		{7FDF863B-1D06-40AC-BB65-D6A2F32CF2C1}.Debug|iPhoneSimulator.ActiveCfg = Debug|Any CPU
		{7FDF863B-1D06-40AC-BB65-D6A2F32CF2C1}.Debug|iPhoneSimulator.Build.0 = Debug|Any CPU
		{7FDF863B-1D06-40AC-BB65-D6A2F32CF2C1}.Debug|iPhoneSimulator.Deploy.0 = Debug|Any CPU
		{7FDF863B-1D06-40AC-BB65-D6A2F32CF2C1}.Debug|x64.ActiveCfg = Debug|Any CPU
		{7FDF863B-1D06-40AC-BB65-D6A2F32CF2C1}.Debug|x64.Build.0 = Debug|Any CPU
		{7FDF863B-1D06-40AC-BB65-D6A2F32CF2C1}.Debug|x64.Deploy.0 = Debug|Any CPU
		{7FDF863B-1D06-40AC-BB65-D6A2F32CF2C1}.Debug|x86.ActiveCfg = Debug|Any CPU
		{7FDF863B-1D06-40AC-BB65-D6A2F32CF2C1}.Debug|x86.Build.0 = Debug|Any CPU
		{7FDF863B-1D06-40AC-BB65-D6A2F32CF2C1}.Debug|x86.Deploy.0 = Debug|Any CPU
		{7FDF863B-1D06-40AC-BB65-D6A2F32CF2C1}.Release|Any CPU.ActiveCfg = Release|Any CPU
		{7FDF863B-1D06-40AC-BB65-D6A2F32CF2C1}.Release|Any CPU.Build.0 = Release|Any CPU
		{7FDF863B-1D06-40AC-BB65-D6A2F32CF2C1}.Release|Any CPU.Deploy.0 = Release|Any CPU
		{7FDF863B-1D06-40AC-BB65-D6A2F32CF2C1}.Release|ARM.ActiveCfg = Release|Any CPU
		{7FDF863B-1D06-40AC-BB65-D6A2F32CF2C1}.Release|ARM.Build.0 = Release|Any CPU
		{7FDF863B-1D06-40AC-BB65-D6A2F32CF2C1}.Release|ARM.Deploy.0 = Release|Any CPU
		{7FDF863B-1D06-40AC-BB65-D6A2F32CF2C1}.Release|iPhone.ActiveCfg = Release|Any CPU
		{7FDF863B-1D06-40AC-BB65-D6A2F32CF2C1}.Release|iPhone.Build.0 = Release|Any CPU
		{7FDF863B-1D06-40AC-BB65-D6A2F32CF2C1}.Release|iPhone.Deploy.0 = Release|Any CPU
		{7FDF863B-1D06-40AC-BB65-D6A2F32CF2C1}.Release|iPhoneSimulator.ActiveCfg = Release|Any CPU
		{7FDF863B-1D06-40AC-BB65-D6A2F32CF2C1}.Release|iPhoneSimulator.Build.0 = Release|Any CPU
		{7FDF863B-1D06-40AC-BB65-D6A2F32CF2C1}.Release|iPhoneSimulator.Deploy.0 = Release|Any CPU
		{7FDF863B-1D06-40AC-BB65-D6A2F32CF2C1}.Release|x64.ActiveCfg = Release|Any CPU
		{7FDF863B-1D06-40AC-BB65-D6A2F32CF2C1}.Release|x64.Build.0 = Release|Any CPU
		{7FDF863B-1D06-40AC-BB65-D6A2F32CF2C1}.Release|x64.Deploy.0 = Release|Any CPU
		{7FDF863B-1D06-40AC-BB65-D6A2F32CF2C1}.Release|x86.ActiveCfg = Release|Any CPU
		{7FDF863B-1D06-40AC-BB65-D6A2F32CF2C1}.Release|x86.Build.0 = Release|Any CPU
		{7FDF863B-1D06-40AC-BB65-D6A2F32CF2C1}.Release|x86.Deploy.0 = Release|Any CPU
	EndGlobalSection
	GlobalSection(SolutionProperties) = preSolution
		HideSolutionNode = FALSE
	EndGlobalSection
	GlobalSection(ExtensibilityGlobals) = postSolution
		SolutionGuid = {D2633A9B-62FE-47AC-8D4A-4379E007D77F}
	EndGlobalSection
EndGlobal
